
Microsoft Visual Studio Solution File, Format Version 12.00
# Visual Studio Version 16
VisualStudioVersion = 16.0.31515.178
MinimumVisualStudioVersion = 10.0.40219.1
Project("{9A19103F-16F7-4668-BE54-9A1E7A4F7556}") = "MDA.Restaurant.Booking", "MDA\MDA.Restaurant.Booking.csproj", "{050D741F-3AF8-4BDD-A04E-B2B019BAB297}"
EndProject
Project("{9A19103F-16F7-4668-BE54-9A1E7A4F7556}") = "MDA.Consumer", "MDA.Consumer\MDA.Consumer.csproj", "{BC3579D0-90B0-42EC-85DA-3DE1FF7A6B1C}"
EndProject
Project("{9A19103F-16F7-4668-BE54-9A1E7A4F7556}") = "MDA.Producer", "MDA.Producer\MDA.Producer.csproj", "{5E57F0EA-823C-40E3-9D73-4E1DAD4AF3F8}"
EndProject
Project("{9A19103F-16F7-4668-BE54-9A1E7A4F7556}") = "MDA.Restaurant.Messages", "MDA.Restaurant.Messages\MDA.Restaurant.Messages.csproj", "{283926DA-CB53-45FA-A564-9A17871DA80F}"
EndProject
Project("{9A19103F-16F7-4668-BE54-9A1E7A4F7556}") = "MDA.Restaurant.Notification", "MDA.Restaurant.Notification\MDA.Restaurant.Notification.csproj", "{E5F4C596-D2B9-41D7-9705-DDF39E3A323C}"
EndProject
Project("{9A19103F-16F7-4668-BE54-9A1E7A4F7556}") = "MDA.Restaurant.Kitchen", "MDA.Restaurant.Kitchen\MDA.Restaurant.Kitchen.csproj", "{EDE3B060-DDD8-4F0D-9421-6066002E5E6B}"
EndProject
Project("{FAE04EC0-301F-11D3-BF4B-00C04F79EFBC}") = "MDA.Restaurant.Tests", "MDA.Restaurant.Tests\MDA.Restaurant.Tests.csproj", "{535C9FDA-CC5A-4515-B101-BDDB165D931D}"
EndProject
Global
	GlobalSection(SolutionConfigurationPlatforms) = preSolution
		Debug|Any CPU = Debug|Any CPU
		Release|Any CPU = Release|Any CPU
	EndGlobalSection
	GlobalSection(ProjectConfigurationPlatforms) = postSolution
		{050D741F-3AF8-4BDD-A04E-B2B019BAB297}.Debug|Any CPU.ActiveCfg = Debug|Any CPU
		{050D741F-3AF8-4BDD-A04E-B2B019BAB297}.Debug|Any CPU.Build.0 = Debug|Any CPU
		{050D741F-3AF8-4BDD-A04E-B2B019BAB297}.Release|Any CPU.ActiveCfg = Release|Any CPU
		{050D741F-3AF8-4BDD-A04E-B2B019BAB297}.Release|Any CPU.Build.0 = Release|Any CPU
		{BC3579D0-90B0-42EC-85DA-3DE1FF7A6B1C}.Debug|Any CPU.ActiveCfg = Debug|Any CPU
		{BC3579D0-90B0-42EC-85DA-3DE1FF7A6B1C}.Debug|Any CPU.Build.0 = Debug|Any CPU
		{BC3579D0-90B0-42EC-85DA-3DE1FF7A6B1C}.Release|Any CPU.ActiveCfg = Release|Any CPU
		{BC3579D0-90B0-42EC-85DA-3DE1FF7A6B1C}.Release|Any CPU.Build.0 = Release|Any CPU
		{5E57F0EA-823C-40E3-9D73-4E1DAD4AF3F8}.Debug|Any CPU.ActiveCfg = Debug|Any CPU
		{5E57F0EA-823C-40E3-9D73-4E1DAD4AF3F8}.Debug|Any CPU.Build.0 = Debug|Any CPU
		{5E57F0EA-823C-40E3-9D73-4E1DAD4AF3F8}.Release|Any CPU.ActiveCfg = Release|Any CPU
		{5E57F0EA-823C-40E3-9D73-4E1DAD4AF3F8}.Release|Any CPU.Build.0 = Release|Any CPU
		{283926DA-CB53-45FA-A564-9A17871DA80F}.Debug|Any CPU.ActiveCfg = Debug|Any CPU
		{283926DA-CB53-45FA-A564-9A17871DA80F}.Debug|Any CPU.Build.0 = Debug|Any CPU
		{283926DA-CB53-45FA-A564-9A17871DA80F}.Release|Any CPU.ActiveCfg = Release|Any CPU
		{283926DA-CB53-45FA-A564-9A17871DA80F}.Release|Any CPU.Build.0 = Release|Any CPU
		{E5F4C596-D2B9-41D7-9705-DDF39E3A323C}.Debug|Any CPU.ActiveCfg = Debug|Any CPU
		{E5F4C596-D2B9-41D7-9705-DDF39E3A323C}.Debug|Any CPU.Build.0 = Debug|Any CPU
		{E5F4C596-D2B9-41D7-9705-DDF39E3A323C}.Release|Any CPU.ActiveCfg = Release|Any CPU
		{E5F4C596-D2B9-41D7-9705-DDF39E3A323C}.Release|Any CPU.Build.0 = Release|Any CPU
		{EDE3B060-DDD8-4F0D-9421-6066002E5E6B}.Debug|Any CPU.ActiveCfg = Debug|Any CPU
		{EDE3B060-DDD8-4F0D-9421-6066002E5E6B}.Debug|Any CPU.Build.0 = Debug|Any CPU
		{EDE3B060-DDD8-4F0D-9421-6066002E5E6B}.Release|Any CPU.ActiveCfg = Release|Any CPU
		{EDE3B060-DDD8-4F0D-9421-6066002E5E6B}.Release|Any CPU.Build.0 = Release|Any CPU
		{535C9FDA-CC5A-4515-B101-BDDB165D931D}.Debug|Any CPU.ActiveCfg = Debug|Any CPU
		{535C9FDA-CC5A-4515-B101-BDDB165D931D}.Debug|Any CPU.Build.0 = Debug|Any CPU
		{535C9FDA-CC5A-4515-B101-BDDB165D931D}.Release|Any CPU.ActiveCfg = Release|Any CPU
		{535C9FDA-CC5A-4515-B101-BDDB165D931D}.Release|Any CPU.Build.0 = Release|Any CPU
	EndGlobalSection
	GlobalSection(SolutionProperties) = preSolution
		HideSolutionNode = FALSE
	EndGlobalSection
	GlobalSection(ExtensibilityGlobals) = postSolution
		SolutionGuid = {984FC4F8-82D0-4E47-832F-B65A58455BBD}
	EndGlobalSection
EndGlobal
